
Microsoft Visual Studio Solution File, Format Version 12.00
# Visual Studio Version 17
VisualStudioVersion = 17.14.36121.58 d17.14
MinimumVisualStudioVersion = 10.0.40219.1
Project("{FAE04EC0-301F-11D3-BF4B-00C04F79EFBC}") = "Orchestrator", "Orchestrator\Orchestrator.csproj", "{B7FEE3AE-16E1-4D11-B7A7-D20447252C6F}"
EndProject
Global
	GlobalSection(SolutionConfigurationPlatforms) = preSolution
		Debug|Any CPU = Debug|Any CPU
		Release|Any CPU = Release|Any CPU
	EndGlobalSection
	GlobalSection(ProjectConfigurationPlatforms) = postSolution
		{B7FEE3AE-16E1-4D11-B7A7-D20447252C6F}.Debug|Any CPU.ActiveCfg = Debug|Any CPU
		{B7FEE3AE-16E1-4D11-B7A7-D20447252C6F}.Debug|Any CPU.Build.0 = Debug|Any CPU
		{B7FEE3AE-16E1-4D11-B7A7-D20447252C6F}.Release|Any CPU.ActiveCfg = Release|Any CPU
		{B7FEE3AE-16E1-4D11-B7A7-D20447252C6F}.Release|Any CPU.Build.0 = Release|Any CPU
	EndGlobalSection
	GlobalSection(SolutionProperties) = preSolution
		HideSolutionNode = FALSE
	EndGlobalSection
	GlobalSection(ExtensibilityGlobals) = postSolution
		SolutionGuid = {7A17DD8A-1A40-45E0-B298-991551EB364F}
	EndGlobalSection
EndGlobal
